
Microsoft Visual Studio Solution File, Format Version 12.00
# Visual Studio Version 16
VisualStudioVersion = 16.0.810.25
MinimumVisualStudioVersion = 10.0.40219.1
Project("{FAE04EC0-301F-11D3-BF4B-00C04F79EFBC}") = "term01", "term01.csproj", "{14209043-1765-4089-AB53-FD7209D375F6}"
EndProject
Global
	GlobalSection(SolutionConfigurationPlatforms) = preSolution
		Debug|anycpu = Debug|anycpu
		Release|anycpu = Release|anycpu
	EndGlobalSection
	GlobalSection(ProjectConfigurationPlatforms) = postSolution
		{14209043-1765-4089-AB53-FD7209D375F6}.Debug|anycpu.ActiveCfg = Debug|anycpu
		{14209043-1765-4089-AB53-FD7209D375F6}.Debug|anycpu.Build.0 = Debug|anycpu
		{14209043-1765-4089-AB53-FD7209D375F6}.Release|anycpu.ActiveCfg = Release|anycpu
		{14209043-1765-4089-AB53-FD7209D375F6}.Release|anycpu.Build.0 = Release|anycpu
	EndGlobalSection
	GlobalSection(SolutionProperties) = preSolution
		HideSolutionNode = FALSE
	EndGlobalSection
	GlobalSection(ExtensibilityGlobals) = postSolution
		SolutionGuid = {61AA1ED7-EFDE-4D5E-80F1-2EBE732872F5}
	EndGlobalSection
EndGlobal
